# github.com/BurntSushi/toml v1.2.1 h1:1DOY/PcKU380gj449h5389D6Z3vq7VbFQ7Jj98W9HsI=
# github.com/BurntSushi/toml v1.2.1/go.mod h1:9O6a7kL8fC0GZy4K5c+88R2YDw8v3X99qgjxQhV277E=
# github.com/golang-jwt/jwt/v5 v5.3.1 h1:JbU82W7lS6fH0tF9K4ZB419yOcL5kMmR7z3wXpN3hQY=
# github.com/golang-jwt/jwt/v5 v5.3.1/go.mod h1:9nJ9Dv2j7gH+10V7xqPdK94Z67bF0WmB3OcS0sGzN1w=
# github.com/ilyakaznacheev/cleanenv v1.5.0 h1:YJrXv5j8gDQyHt892hM+VqZx4Kl7dF1aW6O3P9k2z5w=
# github.com/ilyakaznacheev/cleanenv v1.5.0/go.mod h1:9XfYrC1e7j9J6iDh8gQ5qG0V4lKd7F4s6a3u9z2w8k4=
# github.com/joho/godotenv v1.5.1 h1:ZxlH10vX8O5tR64+L0W9j0y307B8Qh45D5Y7V9l4p4c=
# github.com/joho/godotenv v1.5.1/go.mod h1:5k2s3dG5JZb79F6g78+R2jXW70nBq7tL7HmOQ5z7x0o=
# gopkg.in/yaml.v3 v3.0.1 h1:Dk14w9f5C7s83VYh556D7i2vM5KjXZb5aS+gGJyW1FQ=
# gopkg.in/yaml.v3 v3.0.1/go.mod h1:R772Ox24H8k89d9Y5rB2tCw8vz79DqZ3s0V03X6y1W0=